{
  "name": "local-vot",
  "version": "1.0.0",
  "lockfileVersion": 3,
  "requires": true,
  "packages": {
    "": {
      "name": "local-vot",
      "version": "1.0.0",
      "license": "ISC",
      "dependencies": {
        "@vot.js/node": "^3.1.4"
      }
    },
    "node_modules/@bufbuild/protobuf": {
      "version": "2.15.0",
      "resolved": "https://registry.npmjs.org/@bufbuild/protobuf/-/protobuf-2.15.0.tgz",
      "integrity": "sha512-DAheWUkVr/SJTWCc+lg9dhY0eN4SaWlf4+bG1KzHeXbnqt0AfB/NX0Z+VunGlM1ki1B4zVvye27MpKh/svySUA==",
      "license": "(Apache-2.0 AND BSD-3-Clause)"
    },
    "node_modules/@vot.js/core": {
      "version": "3.1.4",
      "resolved": "https://registry.npmjs.org/@vot.js/core/-/core-3.1.4.tgz",
      "integrity": "sha512-cKesSg2OPsW5zTY3CxvzvCC2LOqJYZw7cJt7jtxUvJY4uq+W/hnfp36eB0cw/4tW62S/iJqyZIlYFFx5t7NxIw==",
      "license": "MIT",
      "dependencies": {
        "@vot.js/shared": "^3.1.4"
      },
      "engines": {
        "node": ">=18"
      },
      "peerDependencies": {
        "typescript": "^6.0.0"
      }
    },
    "node_modules/@vot.js/node": {
      "version": "3.1.4",
      "resolved": "https://registry.npmjs.org/@vot.js/node/-/node-3.1.4.tgz",
      "integrity": "sha512-Wg0BTYkqbxSmLljl4cZ6o1XGW8OEvbw0bcromZwZqyKD7K65LAvGOjUi/GWa7lIHzQX4XLP7QcVFmEya5jqztA==",
      "license": "MIT",
      "dependencies": {
        "@vot.js/core": "^3.1.4",
        "@vot.js/shared": "^3.1.4",
        "dom-parser": "^1.1.5",
        "undici": "^8.7.0"
      },
      "engines": {
        "node": ">=18"
      },
      "peerDependencies": {
        "typescript": "^6.0.0"
      }
    },
    "node_modules/@vot.js/shared": {
      "version": "3.1.4",
      "resolved": "https://registry.npmjs.org/@vot.js/shared/-/shared-3.1.4.tgz",
      "integrity": "sha512-1+28EZedjsP2ySWH99FuVrjKWfy+P6HADIINzlpsmQt02I2tnKmzldGGz8C2Q8ZOTyjgQTcwg4Q51lZkJBIRaA==",
      "license": "MIT",
      "dependencies": {
        "@bufbuild/protobuf": "^2.0.0"
      },
      "engines": {
        "node": ">=18"
      },
      "peerDependencies": {
        "typescript": "^6.0.0"
      }
    },
    "node_modules/dom-parser": {
      "version": "1.1.5",
      "resolved": "https://registry.npmjs.org/dom-parser/-/dom-parser-1.1.5.tgz",
      "integrity": "sha512-lCiFG48ZUzGXjKN0qhSkxD/i3ndyV6I37zQ3W2VFYLjF1ob8A+QgSsM7Ps2UT0d3LpJxLMmMHiJJ34z5hkKLiA==",
      "license": "ISC"
    },
    "node_modules/typescript": {
      "version": "6.0.3",
      "resolved": "https://registry.npmjs.org/typescript/-/typescript-6.0.3.tgz",
      "integrity": "sha512-y2TvuxSZPDyQakkFRPZHKFm+KKVqIisdg9/CZwm9ftvKXLP8NRWj38/ODjNbr43SsoXqNuAisEf1GdCxqWcdBw==",
      "license": "Apache-2.0",
      "peer": true,
      "bin": {
        "tsc": "bin/tsc",
        "tsserver": "bin/tsserver"
      },
      "engines": {
        "node": ">=14.17"
      }
    },
    "node_modules/undici": {
      "version": "8.11.2",
      "resolved": "https://registry.npmjs.org/undici/-/undici-8.11.2.tgz",
      "integrity": "sha512-u4UB2/IrKdU6lFxumHmmo1a3fCQO5tzQllRorfoRS63txhrB7xTpSn1PftwC4qEHkOaqP95fCWW4lJzwErwzhQ==",
      "license": "MIT",
      "engines": {
        "node": ">=22.19.0"
      }
    }
  }
}
